<?xml version="1.0" encoding="utf-8"?>
<Project ToolsVersion="4.0" xmlns="http://schemas.microsoft.com/developer/msbuild/2003">
  <ItemGroup>
    <Filter Include="소스 파일">
      <UniqueIdentifier>{4FC737F1-C7A5-4376-A066-2A32D752A2FF}</UniqueIdentifier>
      <Extensions>cpp;c;cc;cxx;def;odl;idl;hpj;bat;asm;asmx</Extensions>
    </Filter>
    <Filter Include="헤더 파일">
      <UniqueIdentifier>{93995380-89BD-4b04-88EB-625FBE52EBFB}</UniqueIdentifier>
      <Extensions>h;hh;hpp;hxx;hm;inl;inc;ipp;xsd</Extensions>
    </Filter>
    <Filter Include="리소스 파일">
      <UniqueIdentifier>{67DA6AB6-F800-4c08-8B7A-83BB121AAD01}</UniqueIdentifier>
      <Extensions>rc;ico;cur;bmp;dlg;rc2;rct;bin;rgs;gif;jpg;jpeg;jpe;resx;tiff;tif;png;wav;mfcribbon-ms</Extensions>
    </Filter>
    <Filter Include="Classes">
      <UniqueIdentifier>{38fcb8a3-aaa1-4572-aafa-ce75872fc383}</UniqueIdentifier>
    </Filter>
    <Filter Include="Classes\Factory">
      <UniqueIdentifier>{5a6b7220-f2d5-4bd2-8b8f-01056d076897}</UniqueIdentifier>
    </Filter>
    <Filter Include="Classes\Player">
      <UniqueIdentifier>{1305d953-85e3-4498-9e32-a84ccce238a8}</UniqueIdentifier>
    </Filter>
    <Filter Include="Classes\Store">
      <UniqueIdentifier>{f0ac7a72-4ee6-4270-ba3d-e7881fafa578}</UniqueIdentifier>
    </Filter>
    <Filter Include="Classes\Fiber Factory">
      <UniqueIdentifier>{5116c546-5fd1-447b-b666-0ec167147ab5}</UniqueIdentifier>
    </Filter>
  </ItemGroup>
  <ItemGroup>
    <ClCompile Include="main.cpp">
      <Filter>소스 파일</Filter>
    </ClCompile>
    <ClCompile Include="setting.cpp">
      <Filter>소스 파일</Filter>
    </ClCompile>
    <ClCompile Include="Factory.cpp">
      <Filter>Classes\Factory</Filter>
    </ClCompile>
    <ClCompile Include="Player.cpp">
      <Filter>Classes\Player</Filter>
    </ClCompile>
    <ClCompile Include="Store.cpp">
      <Filter>Classes\Store</Filter>
    </ClCompile>
    <ClCompile Include="FiberFactory.cpp">
      <Filter>Classes\Fiber Factory</Filter>
    </ClCompile>
  </ItemGroup>
  <ItemGroup>
    <ClInclude Include="setting.h">
      <Filter>헤더 파일</Filter>
    </ClInclude>
    <ClInclude Include="Player.h">
      <Filter>Classes\Player</Filter>
    </ClInclude>
    <ClInclude Include="Store.h">
      <Filter>Classes\Store</Filter>
    </ClInclude>
    <ClInclude Include="FiberFactory.h">
      <Filter>Classes\Fiber Factory</Filter>
    </ClInclude>
    <ClInclude Include="Factory.h">
      <Filter>Classes\Factory</Filter>
    </ClInclude>
  </ItemGroup>
</Project>